// !$*UTF8*$!
{
	archiveVersion = 1;
	classes = {
	};
	objectVersion = 52;
	objects = {

/* Begin PBXBuildFile section */
		5B16F72024A8191B00BBEDF2 /* UIToolbox in Frameworks */ = {isa = PBXBuildFile; productRef = 5B16F71F24A8191B00BBEDF2 /* UIToolbox */; };
		5B16F72A24A8197800BBEDF2 /* SearchBarSampleView.swift in Sources */ = {isa = PBXBuildFile; fileRef = 5B16F72224A8197800BBEDF2 /* SearchBarSampleView.swift */; };
		5B16F72B24A8197800BBEDF2 /* WebSampleView.swift in Sources */ = {isa = PBXBuildFile; fileRef = 5B16F72324A8197800BBEDF2 /* WebSampleView.swift */; };
		5B16F72C24A8197800BBEDF2 /* TextfieldSampleView.swift in Sources */ = {isa = PBXBuildFile; fileRef = 5B16F72424A8197800BBEDF2 /* TextfieldSampleView.swift */; };
		5B16F72D24A8197800BBEDF2 /* GridSampleView.swift in Sources */ = {isa = PBXBuildFile; fileRef = 5B16F72524A8197800BBEDF2 /* GridSampleView.swift */; };
		5B16F72E24A8197800BBEDF2 /* TextViewSampleView.swift in Sources */ = {isa = PBXBuildFile; fileRef = 5B16F72624A8197800BBEDF2 /* TextViewSampleView.swift */; };
		5B16F72F24A8197800BBEDF2 /* SectionHeaderView.swift in Sources */ = {isa = PBXBuildFile; fileRef = 5B16F72724A8197800BBEDF2 /* SectionHeaderView.swift */; };
		5B16F73024A8197800BBEDF2 /* ButtonsSampleView.swift in Sources */ = {isa = PBXBuildFile; fileRef = 5B16F72824A8197800BBEDF2 /* ButtonsSampleView.swift */; };
		5B16F73124A8197800BBEDF2 /* SparkSampleView.swift in Sources */ = {isa = PBXBuildFile; fileRef = 5B16F72924A8197800BBEDF2 /* SparkSampleView.swift */; };
		5BD4D8BD24A8091A008B79A5 /* AppDelegate.swift in Sources */ = {isa = PBXBuildFile; fileRef = 5BD4D8BC24A8091A008B79A5 /* AppDelegate.swift */; };
		5BD4D8BF24A8091A008B79A5 /* SceneDelegate.swift in Sources */ = {isa = PBXBuildFile; fileRef = 5BD4D8BE24A8091A008B79A5 /* SceneDelegate.swift */; };
		5BD4D8C224A8091A008B79A5 /* UIToolboxShowcase.xcdatamodeld in Sources */ = {isa = PBXBuildFile; fileRef = 5BD4D8C024A8091A008B79A5 /* UIToolboxShowcase.xcdatamodeld */; };
		5BD4D8C424A8091A008B79A5 /* ContentView.swift in Sources */ = {isa = PBXBuildFile; fileRef = 5BD4D8C324A8091A008B79A5 /* ContentView.swift */; };
		5BD4D8C624A8091E008B79A5 /* Assets.xcassets in Resources */ = {isa = PBXBuildFile; fileRef = 5BD4D8C524A8091E008B79A5 /* Assets.xcassets */; };
		5BD4D8C924A8091E008B79A5 /* Preview Assets.xcassets in Resources */ = {isa = PBXBuildFile; fileRef = 5BD4D8C824A8091E008B79A5 /* Preview Assets.xcassets */; };
		5BD4D8CC24A8091E008B79A5 /* LaunchScreen.storyboard in Resources */ = {isa = PBXBuildFile; fileRef = 5BD4D8CA24A8091E008B79A5 /* LaunchScreen.storyboard */; };
		5BD4D8D724A8091E008B79A5 /* UIToolboxShowcaseTests.swift in Sources */ = {isa = PBXBuildFile; fileRef = 5BD4D8D624A8091E008B79A5 /* UIToolboxShowcaseTests.swift */; };
		5BD4D8E224A8091E008B79A5 /* UIToolboxShowcaseUITests.swift in Sources */ = {isa = PBXBuildFile; fileRef = 5BD4D8E124A8091E008B79A5 /* UIToolboxShowcaseUITests.swift */; };
/* End PBXBuildFile section */

/* Begin PBXContainerItemProxy section */
		5BD4D8D324A8091E008B79A5 /* PBXContainerItemProxy */ = {
			isa = PBXContainerItemProxy;
			containerPortal = 5BD4D8B124A8091A008B79A5 /* Project object */;
			proxyType = 1;
			remoteGlobalIDString = 5BD4D8B824A8091A008B79A5;
			remoteInfo = UIToolboxShowcase;
		};
		5BD4D8DE24A8091E008B79A5 /* PBXContainerItemProxy */ = {
			isa = PBXContainerItemProxy;
			containerPortal = 5BD4D8B124A8091A008B79A5 /* Project object */;
			proxyType = 1;
			remoteGlobalIDString = 5BD4D8B824A8091A008B79A5;
			remoteInfo = UIToolboxShowcase;
		};
/* End PBXContainerItemProxy section */

/* Begin PBXFileReference section */
		5B16F72224A8197800BBEDF2 /* SearchBarSampleView.swift */ = {isa = PBXFileReference; fileEncoding = 4; lastKnownFileType = sourcecode.swift; path = SearchBarSampleView.swift; sourceTree = "<group>"; };
		5B16F72324A8197800BBEDF2 /* WebSampleView.swift */ = {isa = PBXFileReference; fileEncoding = 4; lastKnownFileType = sourcecode.swift; path = WebSampleView.swift; sourceTree = "<group>"; };
		5B16F72424A8197800BBEDF2 /* TextfieldSampleView.swift */ = {isa = PBXFileReference; fileEncoding = 4; lastKnownFileType = sourcecode.swift; path = TextfieldSampleView.swift; sourceTree = "<group>"; };
		5B16F72524A8197800BBEDF2 /* GridSampleView.swift */ = {isa = PBXFileReference; fileEncoding = 4; lastKnownFileType = sourcecode.swift; path = GridSampleView.swift; sourceTree = "<group>"; };
		5B16F72624A8197800BBEDF2 /* TextViewSampleView.swift */ = {isa = PBXFileReference; fileEncoding = 4; lastKnownFileType = sourcecode.swift; path = TextViewSampleView.swift; sourceTree = "<group>"; };
		5B16F72724A8197800BBEDF2 /* SectionHeaderView.swift */ = {isa = PBXFileReference; fileEncoding = 4; lastKnownFileType = sourcecode.swift; path = SectionHeaderView.swift; sourceTree = "<group>"; };
		5B16F72824A8197800BBEDF2 /* ButtonsSampleView.swift */ = {isa = PBXFileReference; fileEncoding = 4; lastKnownFileType = sourcecode.swift; path = ButtonsSampleView.swift; sourceTree = "<group>"; };
		5B16F72924A8197800BBEDF2 /* SparkSampleView.swift */ = {isa = PBXFileReference; fileEncoding = 4; lastKnownFileType = sourcecode.swift; path = SparkSampleView.swift; sourceTree = "<group>"; };
		5BB836A024AAD6C900F947B2 /* UIToolboxShowcase.entitlements */ = {isa = PBXFileReference; lastKnownFileType = text.plist.entitlements; path = UIToolboxShowcase.entitlements; sourceTree = "<group>"; };
		5BD4D8B924A8091A008B79A5 /* UIToolboxShowcase.app */ = {isa = PBXFileReference; explicitFileType = wrapper.application; includeInIndex = 0; path = UIToolboxShowcase.app; sourceTree = BUILT_PRODUCTS_DIR; };
		5BD4D8BC24A8091A008B79A5 /* AppDelegate.swift */ = {isa = PBXFileReference; lastKnownFileType = sourcecode.swift; path = AppDelegate.swift; sourceTree = "<group>"; };
		5BD4D8BE24A8091A008B79A5 /* SceneDelegate.swift */ = {isa = PBXFileReference; lastKnownFileType = sourcecode.swift; path = SceneDelegate.swift; sourceTree = "<group>"; };
		5BD4D8C124A8091A008B79A5 /* UIToolboxShowcase.xcdatamodel */ = {isa = PBXFileReference; lastKnownFileType = wrapper.xcdatamodel; path = UIToolboxShowcase.xcdatamodel; sourceTree = "<group>"; };
		5BD4D8C324A8091A008B79A5 /* ContentView.swift */ = {isa = PBXFileReference; lastKnownFileType = sourcecode.swift; path = ContentView.swift; sourceTree = "<group>"; };
		5BD4D8C524A8091E008B79A5 /* Assets.xcassets */ = {isa = PBXFileReference; lastKnownFileType = folder.assetcatalog; path = Assets.xcassets; sourceTree = "<group>"; };
		5BD4D8C824A8091E008B79A5 /* Preview Assets.xcassets */ = {isa = PBXFileReference; lastKnownFileType = folder.assetcatalog; path = "Preview Assets.xcassets"; sourceTree = "<group>"; };
		5BD4D8CB24A8091E008B79A5 /* Base */ = {isa = PBXFileReference; lastKnownFileType = file.storyboard; name = Base; path = Base.lproj/LaunchScreen.storyboard; sourceTree = "<group>"; };
		5BD4D8CD24A8091E008B79A5 /* Info.plist */ = {isa = PBXFileReference; lastKnownFileType = text.plist.xml; path = Info.plist; sourceTree = "<group>"; };
		5BD4D8D224A8091E008B79A5 /* UIToolboxShowcaseTests.xctest */ = {isa = PBXFileReference; explicitFileType = wrapper.cfbundle; includeInIndex = 0; path = UIToolboxShowcaseTests.xctest; sourceTree = BUILT_PRODUCTS_DIR; };
		5BD4D8D624A8091E008B79A5 /* UIToolboxShowcaseTests.swift */ = {isa = PBXFileReference; lastKnownFileType = sourcecode.swift; path = UIToolboxShowcaseTests.swift; sourceTree = "<group>"; };
		5BD4D8D824A8091E008B79A5 /* Info.plist */ = {isa = PBXFileReference; lastKnownFileType = text.plist.xml; path = Info.plist; sourceTree = "<group>"; };
		5BD4D8DD24A8091E008B79A5 /* UIToolboxShowcaseUITests.xctest */ = {isa = PBXFileReference; explicitFileType = wrapper.cfbundle; includeInIndex = 0; path = UIToolboxShowcaseUITests.xctest; sourceTree = BUILT_PRODUCTS_DIR; };
		5BD4D8E124A8091E008B79A5 /* UIToolboxShowcaseUITests.swift */ = {isa = PBXFileReference; lastKnownFileType = sourcecode.swift; path = UIToolboxShowcaseUITests.swift; sourceTree = "<group>"; };
		5BD4D8E324A8091E008B79A5 /* Info.plist */ = {isa = PBXFileReference; lastKnownFileType = text.plist.xml; path = Info.plist; sourceTree = "<group>"; };
/* End PBXFileReference section */

/* Begin PBXFrameworksBuildPhase section */
		5BD4D8B624A8091A008B79A5 /* Frameworks */ = {
			isa = PBXFrameworksBuildPhase;
			buildActionMask = 2147483647;
			files = (
				5B16F72024A8191B00BBEDF2 /* UIToolbox in Frameworks */,
			);
			runOnlyForDeploymentPostprocessing = 0;
		};
		5BD4D8CF24A8091E008B79A5 /* Frameworks */ = {
			isa = PBXFrameworksBuildPhase;
			buildActionMask = 2147483647;
			files = (
			);
			runOnlyForDeploymentPostprocessing = 0;
		};
		5BD4D8DA24A8091E008B79A5 /* Frameworks */ = {
			isa = PBXFrameworksBuildPhase;
			buildActionMask = 2147483647;
			files = (
			);
			runOnlyForDeploymentPostprocessing = 0;
		};
/* End PBXFrameworksBuildPhase section */

/* Begin PBXGroup section */
		5B16F72124A8196200BBEDF2 /* Components */ = {
			isa = PBXGroup;
			children = (
				5B16F72824A8197800BBEDF2 /* ButtonsSampleView.swift */,
				5B16F72524A8197800BBEDF2 /* GridSampleView.swift */,
				5B16F72224A8197800BBEDF2 /* SearchBarSampleView.swift */,
				5B16F72724A8197800BBEDF2 /* SectionHeaderView.swift */,
				5B16F72924A8197800BBEDF2 /* SparkSampleView.swift */,
				5B16F72424A8197800BBEDF2 /* TextfieldSampleView.swift */,
				5B16F72624A8197800BBEDF2 /* TextViewSampleView.swift */,
				5B16F72324A8197800BBEDF2 /* WebSampleView.swift */,
			);
			path = Components;
			sourceTree = "<group>";
		};
		5BD4D8B024A8091A008B79A5 = {
			isa = PBXGroup;
			children = (
				5BD4D8BB24A8091A008B79A5 /* UIToolboxShowcase */,
				5BD4D8D524A8091E008B79A5 /* UIToolboxShowcaseTests */,
				5BD4D8E024A8091E008B79A5 /* UIToolboxShowcaseUITests */,
				5BD4D8BA24A8091A008B79A5 /* Products */,
			);
			sourceTree = "<group>";
		};
		5BD4D8BA24A8091A008B79A5 /* Products */ = {
			isa = PBXGroup;
			children = (
				5BD4D8B924A8091A008B79A5 /* UIToolboxShowcase.app */,
				5BD4D8D224A8091E008B79A5 /* UIToolboxShowcaseTests.xctest */,
				5BD4D8DD24A8091E008B79A5 /* UIToolboxShowcaseUITests.xctest */,
			);
			name = Products;
			sourceTree = "<group>";
		};
		5BD4D8BB24A8091A008B79A5 /* UIToolboxShowcase */ = {
			isa = PBXGroup;
			children = (
				5BB836A024AAD6C900F947B2 /* UIToolboxShowcase.entitlements */,
				5BD4D8BC24A8091A008B79A5 /* AppDelegate.swift */,
				5BD4D8BE24A8091A008B79A5 /* SceneDelegate.swift */,
				5BD4D8C324A8091A008B79A5 /* ContentView.swift */,
				5B16F72124A8196200BBEDF2 /* Components */,
				5BD4D8C524A8091E008B79A5 /* Assets.xcassets */,
				5BD4D8CA24A8091E008B79A5 /* LaunchScreen.storyboard */,
				5BD4D8CD24A8091E008B79A5 /* Info.plist */,
				5BD4D8C024A8091A008B79A5 /* UIToolboxShowcase.xcdatamodeld */,
				5BD4D8C724A8091E008B79A5 /* Preview Content */,
			);
			path = UIToolboxShowcase;
			sourceTree = "<group>";
		};
		5BD4D8C724A8091E008B79A5 /* Preview Content */ = {
			isa = PBXGroup;
			children = (
				5BD4D8C824A8091E008B79A5 /* Preview Assets.xcassets */,
			);
			path = "Preview Content";
			sourceTree = "<group>";
		};
		5BD4D8D524A8091E008B79A5 /* UIToolboxShowcaseTests */ = {
			isa = PBXGroup;
			children = (
				5BD4D8D624A8091E008B79A5 /* UIToolboxShowcaseTests.swift */,
				5BD4D8D824A8091E008B79A5 /* Info.plist */,
			);
			path = UIToolboxShowcaseTests;
			sourceTree = "<group>";
		};
		5BD4D8E024A8091E008B79A5 /* UIToolboxShowcaseUITests */ = {
			isa = PBXGroup;
			children = (
				5BD4D8E124A8091E008B79A5 /* UIToolboxShowcaseUITests.swift */,
				5BD4D8E324A8091E008B79A5 /* Info.plist */,
			);
			path = UIToolboxShowcaseUITests;
			sourceTree = "<group>";
		};
/* End PBXGroup section */

/* Begin PBXNativeTarget section */
		5BD4D8B824A8091A008B79A5 /* UIToolboxShowcase */ = {
			isa = PBXNativeTarget;
			buildConfigurationList = 5BD4D8E624A8091E008B79A5 /* Build configuration list for PBXNativeTarget "UIToolboxShowcase" */;
			buildPhases = (
				5BD4D8B524A8091A008B79A5 /* Sources */,
				5BD4D8B624A8091A008B79A5 /* Frameworks */,
				5BD4D8B724A8091A008B79A5 /* Resources */,
			);
			buildRules = (
			);
			dependencies = (
			);
			name = UIToolboxShowcase;
			packageProductDependencies = (
				5B16F71F24A8191B00BBEDF2 /* UIToolbox */,
			);
			productName = UIToolboxShowcase;
			productReference = 5BD4D8B924A8091A008B79A5 /* UIToolboxShowcase.app */;
			productType = "com.apple.product-type.application";
		};
		5BD4D8D124A8091E008B79A5 /* UIToolboxShowcaseTests */ = {
			isa = PBXNativeTarget;
			buildConfigurationList = 5BD4D8E924A8091E008B79A5 /* Build configuration list for PBXNativeTarget "UIToolboxShowcaseTests" */;
			buildPhases = (
				5BD4D8CE24A8091E008B79A5 /* Sources */,
				5BD4D8CF24A8091E008B79A5 /* Frameworks */,
				5BD4D8D024A8091E008B79A5 /* Resources */,
			);
			buildRules = (
			);
			dependencies = (
				5BD4D8D424A8091E008B79A5 /* PBXTargetDependency */,
			);
			name = UIToolboxShowcaseTests;
			productName = UIToolboxShowcaseTests;
			productReference = 5BD4D8D224A8091E008B79A5 /* UIToolboxShowcaseTests.xctest */;
			productType = "com.apple.product-type.bundle.unit-test";
		};
		5BD4D8DC24A8091E008B79A5 /* UIToolboxShowcaseUITests */ = {
			isa = PBXNativeTarget;
			buildConfigurationList = 5BD4D8EC24A8091E008B79A5 /* Build configuration list for PBXNativeTarget "UIToolboxShowcaseUITests" */;
			buildPhases = (
				5BD4D8D924A8091E008B79A5 /* Sources */,
				5BD4D8DA24A8091E008B79A5 /* Frameworks */,
				5BD4D8DB24A8091E008B79A5 /* Resources */,
			);
			buildRules = (
			);
			dependencies = (
				5BD4D8DF24A8091E008B79A5 /* PBXTargetDependency */,
			);
			name = UIToolboxShowcaseUITests;
			productName = UIToolboxShowcaseUITests;
			productReference = 5BD4D8DD24A8091E008B79A5 /* UIToolboxShowcaseUITests.xctest */;
			productType = "com.apple.product-type.bundle.ui-testing";
		};
/* End PBXNativeTarget section */

/* Begin PBXProject section */
		5BD4D8B124A8091A008B79A5 /* Project object */ = {
			isa = PBXProject;
			attributes = {
				LastSwiftUpdateCheck = 1150;
				LastUpgradeCheck = 1150;
				ORGANIZATIONNAME = "Ernesto Sánchez Kuri";
				TargetAttributes = {
					5BD4D8B824A8091A008B79A5 = {
						CreatedOnToolsVersion = 11.5;
					};
					5BD4D8D124A8091E008B79A5 = {
						CreatedOnToolsVersion = 11.5;
						TestTargetID = 5BD4D8B824A8091A008B79A5;
					};
					5BD4D8DC24A8091E008B79A5 = {
						CreatedOnToolsVersion = 11.5;
						TestTargetID = 5BD4D8B824A8091A008B79A5;
					};
				};
			};
			buildConfigurationList = 5BD4D8B424A8091A008B79A5 /* Build configuration list for PBXProject "UIToolboxShowcase" */;
			compatibilityVersion = "Xcode 9.3";
			developmentRegion = en;
			hasScannedForEncodings = 0;
			knownRegions = (
				en,
				Base,
			);
			mainGroup = 5BD4D8B024A8091A008B79A5;
			packageReferences = (
				5B16F71E24A8191B00BBEDF2 /* XCRemoteSwiftPackageReference "UIToolbox" */,
			);
			productRefGroup = 5BD4D8BA24A8091A008B79A5 /* Products */;
			projectDirPath = "";
			projectRoot = "";
			targets = (
				5BD4D8B824A8091A008B79A5 /* UIToolboxShowcase */,
				5BD4D8D124A8091E008B79A5 /* UIToolboxShowcaseTests */,
				5BD4D8DC24A8091E008B79A5 /* UIToolboxShowcaseUITests */,
			);
		};
/* End PBXProject section */

/* Begin PBXResourcesBuildPhase section */
		5BD4D8B724A8091A008B79A5 /* Resources */ = {
			isa = PBXResourcesBuildPhase;
			buildActionMask = 2147483647;
			files = (
				5BD4D8CC24A8091E008B79A5 /* LaunchScreen.storyboard in Resources */,
				5BD4D8C924A8091E008B79A5 /* Preview Assets.xcassets in Resources */,
				5BD4D8C624A8091E008B79A5 /* Assets.xcassets in Resources */,
			);
			runOnlyForDeploymentPostprocessing = 0;
		};
		5BD4D8D024A8091E008B79A5 /* Resources */ = {
			isa = PBXResourcesBuildPhase;
			buildActionMask = 2147483647;
			files = (
			);
			runOnlyForDeploymentPostprocessing = 0;
		};
		5BD4D8DB24A8091E008B79A5 /* Resources */ = {
			isa = PBXResourcesBuildPhase;
			buildActionMask = 2147483647;
			files = (
			);
			runOnlyForDeploymentPostprocessing = 0;
		};
/* End PBXResourcesBuildPhase section */

/* Begin PBXSourcesBuildPhase section */
		5BD4D8B524A8091A008B79A5 /* Sources */ = {
			isa = PBXSourcesBuildPhase;
			buildActionMask = 2147483647;
			files = (
				5B16F73024A8197800BBEDF2 /* ButtonsSampleView.swift in Sources */,
				5B16F72A24A8197800BBEDF2 /* SearchBarSampleView.swift in Sources */,
				5B16F72B24A8197800BBEDF2 /* WebSampleView.swift in Sources */,
				5B16F72D24A8197800BBEDF2 /* GridSampleView.swift in Sources */,
				5BD4D8BD24A8091A008B79A5 /* AppDelegate.swift in Sources */,
				5BD4D8C224A8091A008B79A5 /* UIToolboxShowcase.xcdatamodeld in Sources */,
				5B16F73124A8197800BBEDF2 /* SparkSampleView.swift in Sources */,
				5BD4D8C424A8091A008B79A5 /* ContentView.swift in Sources */,
				5B16F72E24A8197800BBEDF2 /* TextViewSampleView.swift in Sources */,
				5B16F72F24A8197800BBEDF2 /* SectionHeaderView.swift in Sources */,
				5BD4D8BF24A8091A008B79A5 /* SceneDelegate.swift in Sources */,
				5B16F72C24A8197800BBEDF2 /* TextfieldSampleView.swift in Sources */,
			);
			runOnlyForDeploymentPostprocessing = 0;
		};
		5BD4D8CE24A8091E008B79A5 /* Sources */ = {
			isa = PBXSourcesBuildPhase;
			buildActionMask = 2147483647;
			files = (
				5BD4D8D724A8091E008B79A5 /* UIToolboxShowcaseTests.swift in Sources */,
			);
			runOnlyForDeploymentPostprocessing = 0;
		};
		5BD4D8D924A8091E008B79A5 /* Sources */ = {
			isa = PBXSourcesBuildPhase;
			buildActionMask = 2147483647;
			files = (
				5BD4D8E224A8091E008B79A5 /* UIToolboxShowcaseUITests.swift in Sources */,
			);
			runOnlyForDeploymentPostprocessing = 0;
		};
/* End PBXSourcesBuildPhase section */

/* Begin PBXTargetDependency section */
		5BD4D8D424A8091E008B79A5 /* PBXTargetDependency */ = {
			isa = PBXTargetDependency;
			target = 5BD4D8B824A8091A008B79A5 /* UIToolboxShowcase */;
			targetProxy = 5BD4D8D324A8091E008B79A5 /* PBXContainerItemProxy */;
		};
		5BD4D8DF24A8091E008B79A5 /* PBXTargetDependency */ = {
			isa = PBXTargetDependency;
			target = 5BD4D8B824A8091A008B79A5 /* UIToolboxShowcase */;
			targetProxy = 5BD4D8DE24A8091E008B79A5 /* PBXContainerItemProxy */;
		};
/* End PBXTargetDependency section */

/* Begin PBXVariantGroup section */
		5BD4D8CA24A8091E008B79A5 /* LaunchScreen.storyboard */ = {
			isa = PBXVariantGroup;
			children = (
				5BD4D8CB24A8091E008B79A5 /* Base */,
			);
			name = LaunchScreen.storyboard;
			sourceTree = "<group>";
		};
/* End PBXVariantGroup section */

/* Begin XCBuildConfiguration section */
		5BD4D8E424A8091E008B79A5 /* Debug */ = {
			isa = XCBuildConfiguration;
			buildSettings = {
				ALWAYS_SEARCH_USER_PATHS = NO;
				CLANG_ANALYZER_NONNULL = YES;
				CLANG_ANALYZER_NUMBER_OBJECT_CONVERSION = YES_AGGRESSIVE;
				CLANG_CXX_LANGUAGE_STANDARD = "gnu++14";
				CLANG_CXX_LIBRARY = "libc++";
				CLANG_ENABLE_MODULES = YES;
				CLANG_ENABLE_OBJC_ARC = YES;
				CLANG_ENABLE_OBJC_WEAK = YES;
				CLANG_WARN_BLOCK_CAPTURE_AUTORELEASING = YES;
				CLANG_WARN_BOOL_CONVERSION = YES;
				CLANG_WARN_COMMA = YES;
				CLANG_WARN_CONSTANT_CONVERSION = YES;
				CLANG_WARN_DEPRECATED_OBJC_IMPLEMENTATIONS = YES;
				CLANG_WARN_DIRECT_OBJC_ISA_USAGE = YES_ERROR;
				CLANG_WARN_DOCUMENTATION_COMMENTS = YES;
				CLANG_WARN_EMPTY_BODY = YES;
				CLANG_WARN_ENUM_CONVERSION = YES;
				CLANG_WARN_INFINITE_RECURSION = YES;
				CLANG_WARN_INT_CONVERSION = YES;
				CLANG_WARN_NON_LITERAL_NULL_CONVERSION = YES;
				CLANG_WARN_OBJC_IMPLICIT_RETAIN_SELF = YES;
				CLANG_WARN_OBJC_LITERAL_CONVERSION = YES;
				CLANG_WARN_OBJC_ROOT_CLASS = YES_ERROR;
				CLANG_WARN_RANGE_LOOP_ANALYSIS = YES;
				CLANG_WARN_STRICT_PROTOTYPES = YES;
				CLANG_WARN_SUSPICIOUS_MOVE = YES;
				CLANG_WARN_UNGUARDED_AVAILABILITY = YES_AGGRESSIVE;
				CLANG_WARN_UNREACHABLE_CODE = YES;
				CLANG_WARN__DUPLICATE_METHOD_MATCH = YES;
				COPY_PHASE_STRIP = NO;
				DEBUG_INFORMATION_FORMAT = dwarf;
				ENABLE_STRICT_OBJC_MSGSEND = YES;
				ENABLE_TESTABILITY = YES;
				GCC_C_LANGUAGE_STANDARD = gnu11;
				GCC_DYNAMIC_NO_PIC = NO;
				GCC_NO_COMMON_BLOCKS = YES;
				GCC_OPTIMIZATION_LEVEL = 0;
				GCC_PREPROCESSOR_DEFINITIONS = (
					"DEBUG=1",
					"$(inherited)",
				);
				GCC_WARN_64_TO_32_BIT_CONVERSION = YES;
				GCC_WARN_ABOUT_RETURN_TYPE = YES_ERROR;
				GCC_WARN_UNDECLARED_SELECTOR = YES;
				GCC_WARN_UNINITIALIZED_AUTOS = YES_AGGRESSIVE;
				GCC_WARN_UNUSED_FUNCTION = YES;
				GCC_WARN_UNUSED_VARIABLE = YES;
				IPHONEOS_DEPLOYMENT_TARGET = 13.5;
				MTL_ENABLE_DEBUG_INFO = INCLUDE_SOURCE;
				MTL_FAST_MATH = YES;
				ONLY_ACTIVE_ARCH = YES;
				SDKROOT = iphoneos;
				SWIFT_ACTIVE_COMPILATION_CONDITIONS = DEBUG;
				SWIFT_OPTIMIZATION_LEVEL = "-Onone";
			};
			name = Debug;
		};
		5BD4D8E524A8091E008B79A5 /* Release */ = {
			isa = XCBuildConfiguration;
			buildSettings = {
				ALWAYS_SEARCH_USER_PATHS = NO;
				CLANG_ANALYZER_NONNULL = YES;
				CLANG_ANALYZER_NUMBER_OBJECT_CONVERSION = YES_AGGRESSIVE;
				CLANG_CXX_LANGUAGE_STANDARD = "gnu++14";
				CLANG_CXX_LIBRARY = "libc++";
				CLANG_ENABLE_MODULES = YES;
				CLANG_ENABLE_OBJC_ARC = YES;
				CLANG_ENABLE_OBJC_WEAK = YES;
				CLANG_WARN_BLOCK_CAPTURE_AUTORELEASING = YES;
				CLANG_WARN_BOOL_CONVERSION = YES;
				CLANG_WARN_COMMA = YES;
				CLANG_WARN_CONSTANT_CONVERSION = YES;
				CLANG_WARN_DEPRECATED_OBJC_IMPLEMENTATIONS = YES;
				CLANG_WARN_DIRECT_OBJC_ISA_USAGE = YES_ERROR;
				CLANG_WARN_DOCUMENTATION_COMMENTS = YES;
				CLANG_WARN_EMPTY_BODY = YES;
				CLANG_WARN_ENUM_CONVERSION = YES;
				CLANG_WARN_INFINITE_RECURSION = YES;
				CLANG_WARN_INT_CONVERSION = YES;
				CLANG_WARN_NON_LITERAL_NULL_CONVERSION = YES;
				CLANG_WARN_OBJC_IMPLICIT_RETAIN_SELF = YES;
				CLANG_WARN_OBJC_LITERAL_CONVERSION = YES;
				CLANG_WARN_OBJC_ROOT_CLASS = YES_ERROR;
				CLANG_WARN_RANGE_LOOP_ANALYSIS = YES;
				CLANG_WARN_STRICT_PROTOTYPES = YES;
				CLANG_WARN_SUSPICIOUS_MOVE = YES;
				CLANG_WARN_UNGUARDED_AVAILABILITY = YES_AGGRESSIVE;
				CLANG_WARN_UNREACHABLE_CODE = YES;
				CLANG_WARN__DUPLICATE_METHOD_MATCH = YES;
				COPY_PHASE_STRIP = NO;
				DEBUG_INFORMATION_FORMAT = "dwarf-with-dsym";
				ENABLE_NS_ASSERTIONS = NO;
				ENABLE_STRICT_OBJC_MSGSEND = YES;
				GCC_C_LANGUAGE_STANDARD = gnu11;
				GCC_NO_COMMON_BLOCKS = YES;
				GCC_WARN_64_TO_32_BIT_CONVERSION = YES;
				GCC_WARN_ABOUT_RETURN_TYPE = YES_ERROR;
				GCC_WARN_UNDECLARED_SELECTOR = YES;
				GCC_WARN_UNINITIALIZED_AUTOS = YES_AGGRESSIVE;
				GCC_WARN_UNUSED_FUNCTION = YES;
				GCC_WARN_UNUSED_VARIABLE = YES;
				IPHONEOS_DEPLOYMENT_TARGET = 13.5;
				MTL_ENABLE_DEBUG_INFO = NO;
				MTL_FAST_MATH = YES;
				SDKROOT = iphoneos;
				SWIFT_COMPILATION_MODE = wholemodule;
				SWIFT_OPTIMIZATION_LEVEL = "-O";
				VALIDATE_PRODUCT = YES;
			};
			name = Release;
		};
		5BD4D8E724A8091E008B79A5 /* Debug */ = {
			isa = XCBuildConfiguration;
			buildSettings = {
				ASSETCATALOG_COMPILER_APPICON_NAME = AppIcon;
				CODE_SIGN_ENTITLEMENTS = UIToolboxShowcase/UIToolboxShowcase.entitlements;
				CODE_SIGN_STYLE = Automatic;
				DEVELOPMENT_ASSET_PATHS = "\"UIToolboxShowcase/Preview Content\"";
				DEVELOPMENT_TEAM = 49VFMFM852;
				ENABLE_PREVIEWS = YES;
				INFOPLIST_FILE = UIToolboxShowcase/Info.plist;
				LD_RUNPATH_SEARCH_PATHS = (
					"$(inherited)",
					"@executable_path/Frameworks",
				);
				PRODUCT_BUNDLE_IDENTIFIER = com.skapps.UIToolboxShowcase;
				PRODUCT_NAME = "$(TARGET_NAME)";
				SUPPORTS_MACCATALYST = YES;
				SWIFT_VERSION = 5.0;
				TARGETED_DEVICE_FAMILY = "1,2";
			};
			name = Debug;
		};
		5BD4D8E824A8091E008B79A5 /* Release */ = {
			isa = XCBuildConfiguration;
			buildSettings = {
				ASSETCATALOG_COMPILER_APPICON_NAME = AppIcon;
				CODE_SIGN_ENTITLEMENTS = UIToolboxShowcase/UIToolboxShowcase.entitlements;
				CODE_SIGN_STYLE = Automatic;
				DEVELOPMENT_ASSET_PATHS = "\"UIToolboxShowcase/Preview Content\"";
				DEVELOPMENT_TEAM = 49VFMFM852;
				ENABLE_PREVIEWS = YES;
				INFOPLIST_FILE = UIToolboxShowcase/Info.plist;
				LD_RUNPATH_SEARCH_PATHS = (
					"$(inherited)",
					"@executable_path/Frameworks",
				);
				PRODUCT_BUNDLE_IDENTIFIER = com.skapps.UIToolboxShowcase;
				PRODUCT_NAME = "$(TARGET_NAME)";
				SUPPORTS_MACCATALYST = YES;
				SWIFT_VERSION = 5.0;
				TARGETED_DEVICE_FAMILY = "1,2";
			};
			name = Release;
		};
		5BD4D8EA24A8091E008B79A5 /* Debug */ = {
			isa = XCBuildConfiguration;
			buildSettings = {
				ALWAYS_EMBED_SWIFT_STANDARD_LIBRARIES = YES;
				BUNDLE_LOADER = "$(TEST_HOST)";
				CODE_SIGN_STYLE = Automatic;
				DEVELOPMENT_TEAM = 49VFMFM852;
				INFOPLIST_FILE = UIToolboxShowcaseTests/Info.plist;
				IPHONEOS_DEPLOYMENT_TARGET = 13.5;
				LD_RUNPATH_SEARCH_PATHS = (
					"$(inherited)",
					"@executable_path/Frameworks",
					"@loader_path/Frameworks",
				);
				PRODUCT_BUNDLE_IDENTIFIER = com.skapps.UIToolboxShowcaseTests;
				PRODUCT_NAME = "$(TARGET_NAME)";
				SWIFT_VERSION = 5.0;
				TARGETED_DEVICE_FAMILY = "1,2";
				TEST_HOST = "$(BUILT_PRODUCTS_DIR)/UIToolboxShowcase.app/UIToolboxShowcase";
			};
			name = Debug;
		};
		5BD4D8EB24A8091E008B79A5 /* Release */ = {
			isa = XCBuildConfiguration;
			buildSettings = {
				ALWAYS_EMBED_SWIFT_STANDARD_LIBRARIES = YES;
				BUNDLE_LOADER = "$(TEST_HOST)";
				CODE_SIGN_STYLE = Automatic;
				DEVELOPMENT_TEAM = 49VFMFM852;
				INFOPLIST_FILE = UIToolboxShowcaseTests/Info.plist;
				IPHONEOS_DEPLOYMENT_TARGET = 13.5;
				LD_RUNPATH_SEARCH_PATHS = (
					"$(inherited)",
					"@executable_path/Frameworks",
					"@loader_path/Frameworks",
				);
				PRODUCT_BUNDLE_IDENTIFIER = com.skapps.UIToolboxShowcaseTests;
				PRODUCT_NAME = "$(TARGET_NAME)";
				SWIFT_VERSION = 5.0;
				TARGETED_DEVICE_FAMILY = "1,2";
				TEST_HOST = "$(BUILT_PRODUCTS_DIR)/UIToolboxShowcase.app/UIToolboxShowcase";
			};
			name = Release;
		};
		5BD4D8ED24A8091E008B79A5 /* Debug */ = {
			isa = XCBuildConfiguration;
			buildSettings = {
				ALWAYS_EMBED_SWIFT_STANDARD_LIBRARIES = YES;
				CODE_SIGN_STYLE = Automatic;
				DEVELOPMENT_TEAM = 49VFMFM852;
				INFOPLIST_FILE = UIToolboxShowcaseUITests/Info.plist;
				LD_RUNPATH_SEARCH_PATHS = (
					"$(inherited)",
					"@executable_path/Frameworks",
					"@loader_path/Frameworks",
				);
				PRODUCT_BUNDLE_IDENTIFIER = com.skapps.UIToolboxShowcaseUITests;
				PRODUCT_NAME = "$(TARGET_NAME)";
				SWIFT_VERSION = 5.0;
				TARGETED_DEVICE_FAMILY = "1,2";
				TEST_TARGET_NAME = UIToolboxShowcase;
			};
			name = Debug;
		};
		5BD4D8EE24A8091E008B79A5 /* Release */ = {
			isa = XCBuildConfiguration;
			buildSettings = {
				ALWAYS_EMBED_SWIFT_STANDARD_LIBRARIES = YES;
				CODE_SIGN_STYLE = Automatic;
				DEVELOPMENT_TEAM = 49VFMFM852;
				INFOPLIST_FILE = UIToolboxShowcaseUITests/Info.plist;
				LD_RUNPATH_SEARCH_PATHS = (
					"$(inherited)",
					"@executable_path/Frameworks",
					"@loader_path/Frameworks",
				);
				PRODUCT_BUNDLE_IDENTIFIER = com.skapps.UIToolboxShowcaseUITests;
				PRODUCT_NAME = "$(TARGET_NAME)";
				SWIFT_VERSION = 5.0;
				TARGETED_DEVICE_FAMILY = "1,2";
				TEST_TARGET_NAME = UIToolboxShowcase;
			};
			name = Release;
		};
/* End XCBuildConfiguration section */

/* Begin XCConfigurationList section */
		5BD4D8B424A8091A008B79A5 /* Build configuration list for PBXProject "UIToolboxShowcase" */ = {
			isa = XCConfigurationList;
			buildConfigurations = (
				5BD4D8E424A8091E008B79A5 /* Debug */,
				5BD4D8E524A8091E008B79A5 /* Release */,
			);
			defaultConfigurationIsVisible = 0;
			defaultConfigurationName = Release;
		};
		5BD4D8E624A8091E008B79A5 /* Build configuration list for PBXNativeTarget "UIToolboxShowcase" */ = {
			isa = XCConfigurationList;
			buildConfigurations = (
				5BD4D8E724A8091E008B79A5 /* Debug */,
				5BD4D8E824A8091E008B79A5 /* Release */,
			);
			defaultConfigurationIsVisible = 0;
			defaultConfigurationName = Release;
		};
		5BD4D8E924A8091E008B79A5 /* Build configuration list for PBXNativeTarget "UIToolboxShowcaseTests" */ = {
			isa = XCConfigurationList;
			buildConfigurations = (
				5BD4D8EA24A8091E008B79A5 /* Debug */,
				5BD4D8EB24A8091E008B79A5 /* Release */,
			);
			defaultConfigurationIsVisible = 0;
			defaultConfigurationName = Release;
		};
		5BD4D8EC24A8091E008B79A5 /* Build configuration list for PBXNativeTarget "UIToolboxShowcaseUITests" */ = {
			isa = XCConfigurationList;
			buildConfigurations = (
				5BD4D8ED24A8091E008B79A5 /* Debug */,
				5BD4D8EE24A8091E008B79A5 /* Release */,
			);
			defaultConfigurationIsVisible = 0;
			defaultConfigurationName = Release;
		};
/* End XCConfigurationList section */

/* Begin XCRemoteSwiftPackageReference section */
		5B16F71E24A8191B00BBEDF2 /* XCRemoteSwiftPackageReference "UIToolbox" */ = {
			isa = XCRemoteSwiftPackageReference;
			repositoryURL = "https://github.com/ernestoSk13/UIToolbox.git";
			requirement = {
				branch = master;
				kind = branch;
			};
		};
/* End XCRemoteSwiftPackageReference section */

/* Begin XCSwiftPackageProductDependency section */
		5B16F71F24A8191B00BBEDF2 /* UIToolbox */ = {
			isa = XCSwiftPackageProductDependency;
			package = 5B16F71E24A8191B00BBEDF2 /* XCRemoteSwiftPackageReference "UIToolbox" */;
			productName = UIToolbox;
		};
/* End XCSwiftPackageProductDependency section */

/* Begin XCVersionGroup section */
		5BD4D8C024A8091A008B79A5 /* UIToolboxShowcase.xcdatamodeld */ = {
			isa = XCVersionGroup;
			children = (
				5BD4D8C124A8091A008B79A5 /* UIToolboxShowcase.xcdatamodel */,
			);
			currentVersion = 5BD4D8C124A8091A008B79A5 /* UIToolboxShowcase.xcdatamodel */;
			path = UIToolboxShowcase.xcdatamodeld;
			sourceTree = "<group>";
			versionGroupType = wrapper.xcdatamodel;
		};
/* End XCVersionGroup section */
	};
	rootObject = 5BD4D8B124A8091A008B79A5 /* Project object */;
}
